{
  "name": "zalupa",
  "version": "0.1.0",
  "lockfileVersion": 3,
  "requires": true,
  "packages": {
    "": {
      "name": "zalupa",
      "version": "0.1.0",
      "license": "ISC",
      "dependencies": {
        "@ethereumjs/common": "^10.1.2",
        "@ethereumjs/tx": "^10.1.2",
        "@ethereumjs/util": "^10.1.2",
        "@ethereumjs/vm": "^10.1.2",
        "@openzeppelin/contracts": "^5.6.1",
        "@uniswap/v2-core": "^1.0.1",
        "@uniswap/v2-periphery": "^1.1.0-beta.0",
        "pureimage": "^0.4.20",
        "solc": "^0.8.30",
        "viem": "^2.55.11"
      }
    },
    "node_modules/@adraffy/ens-normalize": {
      "version": "1.11.1",
      "resolved": "https://registry.npmjs.org/@adraffy/ens-normalize/-/ens-normalize-1.11.1.tgz",
      "integrity": "sha512-nhCBV3quEgesuf7c7KYfperqSS14T8bYuvJ8PcLJp6znkZpFc0AuW4qBtr8eKVyPPe/8RSr7sglCWPU5eaxwKQ==",
      "license": "MIT"
    },
    "node_modules/@ethereumjs/binarytree": {
      "version": "10.1.2",
      "resolved": "https://registry.npmjs.org/@ethereumjs/binarytree/-/binarytree-10.1.2.tgz",
      "integrity": "sha512-szugxzYrQHRvlhbu0BrcW/Kw7tg3K0b1HbKCdwRrFhvz80RbGfML2wqDDZhO5NyvHqWpS+Rt9q+qV9LxOHCP6w==",
      "license": "MIT",
      "dependencies": {
        "@ethereumjs/rlp": "^10.1.2",
        "@ethereumjs/util": "^10.1.2",
        "@noble/hashes": "^2.0.1",
        "debug": "^4.4.0",
        "lru-cache": "11.0.2"
      },
      "engines": {
        "node": ">=20"
      }
    },
    "node_modules/@ethereumjs/binarytree/node_modules/@noble/hashes": {
      "version": "2.3.0",
      "resolved": "https://registry.npmjs.org/@noble/hashes/-/hashes-2.3.0.tgz",
      "integrity": "sha512-oN+QwyX7VSHotibwubG3kpzbwKrfnyR6OOO+3Nk/53ADL7FmgHHz4TgrbaYKvvOw09u6QTx0oiH1cNCIOuN0CQ==",
      "license": "MIT",
      "engines": {
        "node": ">= 20.19.0"
      },
      "funding": {
        "url": "https://paulmillr.com/funding/"
      }
    },
    "node_modules/@ethereumjs/block": {
      "version": "10.1.2",
      "resolved": "https://registry.npmjs.org/@ethereumjs/block/-/block-10.1.2.tgz",
      "integrity": "sha512-VNH6sRKsHacsOFiizeY98L6eQhMw7bRavbacUUwcFIXe6IgeKLT0y3QCcS55dJGJDGtb/TsJnas1dt411K2Vzw==",
      "license": "MPL-2.0",
      "dependencies": {
        "@ethereumjs/common": "^10.1.2",
        "@ethereumjs/mpt": "^10.1.2",
        "@ethereumjs/rlp": "^10.1.2",
        "@ethereumjs/tx": "^10.1.2",
        "@ethereumjs/util": "^10.1.2",
        "@noble/curves": "^2.0.1",
        "@noble/hashes": "^2.0.1"
      },
      "engines": {
        "node": ">=20"
      }
    },
    "node_modules/@ethereumjs/block/node_modules/@noble/curves": {
      "version": "2.3.0",
      "resolved": "https://registry.npmjs.org/@noble/curves/-/curves-2.3.0.tgz",
      "integrity": "sha512-v7cY+4oWYPQszRj6ZFGzTVL7uP2TaLo1xMhWHzYC5wj0ZhOXQ5x+sBre8rF3hi8cAoi0bh1qXoovoOkdFtvqEg==",
      "license": "MIT",
      "dependencies": {
        "@noble/hashes": "2.3.0"
      },
      "engines": {
        "node": ">= 20.19.0"
      },
      "funding": {
        "url": "https://paulmillr.com/funding/"
      }
    },
    "node_modules/@ethereumjs/block/node_modules/@noble/hashes": {
      "version": "2.3.0",
      "resolved": "https://registry.npmjs.org/@noble/hashes/-/hashes-2.3.0.tgz",
      "integrity": "sha512-oN+QwyX7VSHotibwubG3kpzbwKrfnyR6OOO+3Nk/53ADL7FmgHHz4TgrbaYKvvOw09u6QTx0oiH1cNCIOuN0CQ==",
      "license": "MIT",
      "engines": {
        "node": ">= 20.19.0"
      },
      "funding": {
        "url": "https://paulmillr.com/funding/"
      }
    },
    "node_modules/@ethereumjs/common": {
      "version": "10.1.2",
      "resolved": "https://registry.npmjs.org/@ethereumjs/common/-/common-10.1.2.tgz",
      "integrity": "sha512-whWnhqAxwpDy4zWkM6rqMzb8nioZJpiys01N57+HDyanvK5IRzodV5tdMRDt66PD5vDjl2c9K5UcB039gU2Oyw==",
      "license": "MIT",
      "dependencies": {
        "@ethereumjs/util": "^10.1.2",
        "eventemitter3": "^5.0.1"
      }
    },
    "node_modules/@ethereumjs/evm": {
      "version": "10.1.2",
      "resolved": "https://registry.npmjs.org/@ethereumjs/evm/-/evm-10.1.2.tgz",
      "integrity": "sha512-yIslek2pcsUQwBJFeeamN529hbNYBtrSuneSCMn4AM71WAx8vntgDbzYoAJsG/whyB9wOVvzHXubju1JXmaEag==",
      "license": "MPL-2.0",
      "dependencies": {
        "@ethereumjs/binarytree": "^10.1.2",
        "@ethereumjs/common": "^10.1.2",
        "@ethereumjs/statemanager": "^10.1.2",
        "@ethereumjs/util": "^10.1.2",
        "@noble/curves": "^2.0.1",
        "@noble/hashes": "^2.0.1",
        "debug": "^4.4.0",
        "eventemitter3": "^5.0.1"
      },
      "engines": {
        "node": ">=20"
      }
    },
    "node_modules/@ethereumjs/evm/node_modules/@noble/curves": {
      "version": "2.3.0",
      "resolved": "https://registry.npmjs.org/@noble/curves/-/curves-2.3.0.tgz",
      "integrity": "sha512-v7cY+4oWYPQszRj6ZFGzTVL7uP2TaLo1xMhWHzYC5wj0ZhOXQ5x+sBre8rF3hi8cAoi0bh1qXoovoOkdFtvqEg==",
      "license": "MIT",
      "dependencies": {
        "@noble/hashes": "2.3.0"
      },
      "engines": {
        "node": ">= 20.19.0"
      },
      "funding": {
        "url": "https://paulmillr.com/funding/"
      }
    },
    "node_modules/@ethereumjs/evm/node_modules/@noble/hashes": {
      "version": "2.3.0",
      "resolved": "https://registry.npmjs.org/@noble/hashes/-/hashes-2.3.0.tgz",
      "integrity": "sha512-oN+QwyX7VSHotibwubG3kpzbwKrfnyR6OOO+3Nk/53ADL7FmgHHz4TgrbaYKvvOw09u6QTx0oiH1cNCIOuN0CQ==",
      "license": "MIT",
      "engines": {
        "node": ">= 20.19.0"
      },
      "funding": {
        "url": "https://paulmillr.com/funding/"
      }
    },
    "node_modules/@ethereumjs/mpt": {
      "version": "10.1.2",
      "resolved": "https://registry.npmjs.org/@ethereumjs/mpt/-/mpt-10.1.2.tgz",
      "integrity": "sha512-dBlXpkP1ssp+AcUxsJUrY72LZuE1JQEp1AZn5mgmbBcd2Gwkpyi57q4zATlZbxrZUxp/K9UIidgqxQWcOCbo5g==",
      "license": "MPL-2.0",
      "dependencies": {
        "@ethereumjs/rlp": "^10.1.2",
        "@ethereumjs/util": "^10.1.2",
        "@noble/hashes": "^2.0.1",
        "debug": "^4.4.0",
        "lru-cache": "11.0.2"
      },
      "engines": {
        "node": ">=20"
      }
    },
    "node_modules/@ethereumjs/mpt/node_modules/@noble/hashes": {
      "version": "2.3.0",
      "resolved": "https://registry.npmjs.org/@noble/hashes/-/hashes-2.3.0.tgz",
      "integrity": "sha512-oN+QwyX7VSHotibwubG3kpzbwKrfnyR6OOO+3Nk/53ADL7FmgHHz4TgrbaYKvvOw09u6QTx0oiH1cNCIOuN0CQ==",
      "license": "MIT",
      "engines": {
        "node": ">= 20.19.0"
      },
      "funding": {
        "url": "https://paulmillr.com/funding/"
      }
    },
    "node_modules/@ethereumjs/rlp": {
      "version": "10.1.2",
      "resolved": "https://registry.npmjs.org/@ethereumjs/rlp/-/rlp-10.1.2.tgz",
      "integrity": "sha512-T5Zt6C2pd02Wd88Q9A5/UX+He1Q2Y1LntHxz/038tfbUMiqby4fYSSTLEDx+TEfJqw1BsJSBY/TSu6goUzlk+w==",
      "license": "MPL-2.0",
      "bin": {
        "rlp": "bin/rlp.cjs"
      },
      "engines": {
        "node": ">=20"
      }
    },
    "node_modules/@ethereumjs/statemanager": {
      "version": "10.1.2",
      "resolved": "https://registry.npmjs.org/@ethereumjs/statemanager/-/statemanager-10.1.2.tgz",
      "integrity": "sha512-Pkm9VHF19wxT5c0jB+IDiQBv4W42o0wYSS1NLXeRea0D6CDBu0CLo9ihhnQgM368zXPl6JRbLS+YiG8tJkz4aA==",
      "license": "MPL-2.0",
      "dependencies": {
        "@ethereumjs/binarytree": "^10.1.2",
        "@ethereumjs/common": "^10.1.2",
        "@ethereumjs/mpt": "^10.1.2",
        "@ethereumjs/rlp": "^10.1.2",
        "@ethereumjs/util": "^10.1.2",
        "@js-sdsl/ordered-map": "^4.4.2",
        "@noble/hashes": "^2.0.1",
        "debug": "^4.4.0",
        "lru-cache": "11.0.2"
      }
    },
    "node_modules/@ethereumjs/statemanager/node_modules/@noble/hashes": {
      "version": "2.3.0",
      "resolved": "https://registry.npmjs.org/@noble/hashes/-/hashes-2.3.0.tgz",
      "integrity": "sha512-oN+QwyX7VSHotibwubG3kpzbwKrfnyR6OOO+3Nk/53ADL7FmgHHz4TgrbaYKvvOw09u6QTx0oiH1cNCIOuN0CQ==",
      "license": "MIT",
      "engines": {
        "node": ">= 20.19.0"
      },
      "funding": {
        "url": "https://paulmillr.com/funding/"
      }
    },
    "node_modules/@ethereumjs/tx": {
      "version": "10.1.2",
      "resolved": "https://registry.npmjs.org/@ethereumjs/tx/-/tx-10.1.2.tgz",
      "integrity": "sha512-bAYK3YaYkk+auzxGfZSRVDbLHvboJNTx8/tV6jaqgPVlrA1QKEEADDEp/EGz+KI4NQmTGxEtXZ8tV/WjniRNww==",
      "license": "MPL-2.0",
      "dependencies": {
        "@ethereumjs/common": "^10.1.2",
        "@ethereumjs/rlp": "^10.1.2",
        "@ethereumjs/util": "^10.1.2",
        "@noble/curves": "^2.0.1",
        "@noble/hashes": "^2.0.1"
      },
      "engines": {
        "node": ">=20"
      }
    },
    "node_modules/@ethereumjs/tx/node_modules/@noble/curves": {
      "version": "2.3.0",
      "resolved": "https://registry.npmjs.org/@noble/curves/-/curves-2.3.0.tgz",
      "integrity": "sha512-v7cY+4oWYPQszRj6ZFGzTVL7uP2TaLo1xMhWHzYC5wj0ZhOXQ5x+sBre8rF3hi8cAoi0bh1qXoovoOkdFtvqEg==",
      "license": "MIT",
      "dependencies": {
        "@noble/hashes": "2.3.0"
      },
      "engines": {
        "node": ">= 20.19.0"
      },
      "funding": {
        "url": "https://paulmillr.com/funding/"
      }
    },
    "node_modules/@ethereumjs/tx/node_modules/@noble/hashes": {
      "version": "2.3.0",
      "resolved": "https://registry.npmjs.org/@noble/hashes/-/hashes-2.3.0.tgz",
      "integrity": "sha512-oN+QwyX7VSHotibwubG3kpzbwKrfnyR6OOO+3Nk/53ADL7FmgHHz4TgrbaYKvvOw09u6QTx0oiH1cNCIOuN0CQ==",
      "license": "MIT",
      "engines": {
        "node": ">= 20.19.0"
      },
      "funding": {
        "url": "https://paulmillr.com/funding/"
      }
    },
    "node_modules/@ethereumjs/util": {
      "version": "10.1.2",
      "resolved": "https://registry.npmjs.org/@ethereumjs/util/-/util-10.1.2.tgz",
      "integrity": "sha512-UPBgXtHHfQugoXOSAoeG3jdmPbl37cwV9y3XqTPAnw8tJj8np14TPV2uc5lOs7C2LMF9Ubn66zyaiYxgwGppng==",
      "license": "MPL-2.0",
      "dependencies": {
        "@ethereumjs/rlp": "^10.1.2",
        "@noble/curves": "^2.0.1",
        "@noble/hashes": "^2.0.1"
      },
      "engines": {
        "node": ">=20"
      }
    },
    "node_modules/@ethereumjs/util/node_modules/@noble/curves": {
      "version": "2.3.0",
      "resolved": "https://registry.npmjs.org/@noble/curves/-/curves-2.3.0.tgz",
      "integrity": "sha512-v7cY+4oWYPQszRj6ZFGzTVL7uP2TaLo1xMhWHzYC5wj0ZhOXQ5x+sBre8rF3hi8cAoi0bh1qXoovoOkdFtvqEg==",
      "license": "MIT",
      "dependencies": {
        "@noble/hashes": "2.3.0"
      },
      "engines": {
        "node": ">= 20.19.0"
      },
      "funding": {
        "url": "https://paulmillr.com/funding/"
      }
    },
    "node_modules/@ethereumjs/util/node_modules/@noble/hashes": {
      "version": "2.3.0",
      "resolved": "https://registry.npmjs.org/@noble/hashes/-/hashes-2.3.0.tgz",
      "integrity": "sha512-oN+QwyX7VSHotibwubG3kpzbwKrfnyR6OOO+3Nk/53ADL7FmgHHz4TgrbaYKvvOw09u6QTx0oiH1cNCIOuN0CQ==",
      "license": "MIT",
      "engines": {
        "node": ">= 20.19.0"
      },
      "funding": {
        "url": "https://paulmillr.com/funding/"
      }
    },
    "node_modules/@ethereumjs/vm": {
      "version": "10.1.2",
      "resolved": "https://registry.npmjs.org/@ethereumjs/vm/-/vm-10.1.2.tgz",
      "integrity": "sha512-7GwDX2Sq8szLDwb1Y8zDFNBJrekdVMuS/8VYcxf1DCAPO2yp677vIoip8+Ge/J5uK3dq0eTGb8gTPvZvOdRZ/Q==",
      "license": "MPL-2.0",
      "dependencies": {
        "@ethereumjs/block": "^10.1.2",
        "@ethereumjs/common": "^10.1.2",
        "@ethereumjs/evm": "^10.1.2",
        "@ethereumjs/mpt": "^10.1.2",
        "@ethereumjs/rlp": "^10.1.2",
        "@ethereumjs/statemanager": "^10.1.2",
        "@ethereumjs/tx": "^10.1.2",
        "@ethereumjs/util": "^10.1.2",
        "@noble/hashes": "^2.0.1",
        "debug": "^4.4.0",
        "eventemitter3": "^5.0.1"
      },
      "engines": {
        "node": ">=20"
      }
    },
    "node_modules/@ethereumjs/vm/node_modules/@noble/hashes": {
      "version": "2.3.0",
      "resolved": "https://registry.npmjs.org/@noble/hashes/-/hashes-2.3.0.tgz",
      "integrity": "sha512-oN+QwyX7VSHotibwubG3kpzbwKrfnyR6OOO+3Nk/53ADL7FmgHHz4TgrbaYKvvOw09u6QTx0oiH1cNCIOuN0CQ==",
      "license": "MIT",
      "engines": {
        "node": ">= 20.19.0"
      },
      "funding": {
        "url": "https://paulmillr.com/funding/"
      }
    },
    "node_modules/@js-sdsl/ordered-map": {
      "version": "4.4.2",
      "resolved": "https://registry.npmjs.org/@js-sdsl/ordered-map/-/ordered-map-4.4.2.tgz",
      "integrity": "sha512-iUKgm52T8HOE/makSxjqoWhe95ZJA1/G1sYsGev2JDKUSS14KAgg1LHb+Ba+IPow0xflbnSkOsZcO08C7w1gYw==",
      "license": "MIT",
      "funding": {
        "type": "opencollective",
        "url": "https://opencollective.com/js-sdsl"
      }
    },
    "node_modules/@noble/ciphers": {
      "version": "1.3.0",
      "resolved": "https://registry.npmjs.org/@noble/ciphers/-/ciphers-1.3.0.tgz",
      "integrity": "sha512-2I0gnIVPtfnMw9ee9h1dJG7tp81+8Ob3OJb3Mv37rx5L40/b0i7djjCVvGOVqc9AEIQyvyu1i6ypKdFw8R8gQw==",
      "license": "MIT",
      "engines": {
        "node": "^14.21.3 || >=16"
      },
      "funding": {
        "url": "https://paulmillr.com/funding/"
      }
    },
    "node_modules/@noble/curves": {
      "version": "1.9.1",
      "resolved": "https://registry.npmjs.org/@noble/curves/-/curves-1.9.1.tgz",
      "integrity": "sha512-k11yZxZg+t+gWvBbIswW0yoJlu8cHOC7dhunwOzoWH/mXGBiYyR4YY6hAEK/3EUs4UpB8la1RfdRpeGsFHkWsA==",
      "license": "MIT",
      "dependencies": {
        "@noble/hashes": "1.8.0"
      },
      "engines": {
        "node": "^14.21.3 || >=16"
      },
      "funding": {
        "url": "https://paulmillr.com/funding/"
      }
    },
    "node_modules/@noble/hashes": {
      "version": "1.8.0",
      "resolved": "https://registry.npmjs.org/@noble/hashes/-/hashes-1.8.0.tgz",
      "integrity": "sha512-jCs9ldd7NwzpgXDIf6P3+NrHh9/sD6CQdxHyjQI+h/6rDNo88ypBxxz45UDuZHz9r3tNz7N/VInSVoVdtXEI4A==",
      "license": "MIT",
      "engines": {
        "node": "^14.21.3 || >=16"
      },
      "funding": {
        "url": "https://paulmillr.com/funding/"
      }
    },
    "node_modules/@openzeppelin/contracts": {
      "version": "5.6.1",
      "resolved": "https://registry.npmjs.org/@openzeppelin/contracts/-/contracts-5.6.1.tgz",
      "integrity": "sha512-Ly6SlsVJ3mj+b18W3R8gNufB7dTICT105fJhodGAGgyC2oqnBAhqSiNDJ8V8DLY05cCz81GLI0CU5vNYA1EC/w==",
      "license": "MIT"
    },
    "node_modules/@scure/base": {
      "version": "1.2.6",
      "resolved": "https://registry.npmjs.org/@scure/base/-/base-1.2.6.tgz",
      "integrity": "sha512-g/nm5FgUa//MCj1gV09zTJTaM6KBAHqLN907YVQqf7zC49+DcO4B1so4ZX07Ef10Twr6nuqYEH9GEggFXA4Fmg==",
      "license": "MIT",
      "funding": {
        "url": "https://paulmillr.com/funding/"
      }
    },
    "node_modules/@scure/bip32": {
      "version": "1.7.0",
      "resolved": "https://registry.npmjs.org/@scure/bip32/-/bip32-1.7.0.tgz",
      "integrity": "sha512-E4FFX/N3f4B80AKWp5dP6ow+flD1LQZo/w8UnLGYZO674jS6YnYeepycOOksv+vLPSpgN35wgKgy+ybfTb2SMw==",
      "license": "MIT",
      "dependencies": {
        "@noble/curves": "~1.9.0",
        "@noble/hashes": "~1.8.0",
        "@scure/base": "~1.2.5"
      },
      "funding": {
        "url": "https://paulmillr.com/funding/"
      }
    },
    "node_modules/@scure/bip39": {
      "version": "1.6.0",
      "resolved": "https://registry.npmjs.org/@scure/bip39/-/bip39-1.6.0.tgz",
      "integrity": "sha512-+lF0BbLiJNwVlev4eKelw1WWLaiKXw7sSl8T6FvBlWkdX+94aGJ4o8XjUdlyhTCjd8c+B3KT3JfS8P0bLRNU6A==",
      "license": "MIT",
      "dependencies": {
        "@noble/hashes": "~1.8.0",
        "@scure/base": "~1.2.5"
      },
      "funding": {
        "url": "https://paulmillr.com/funding/"
      }
    },
    "node_modules/@uniswap/lib": {
      "version": "1.1.1",
      "resolved": "https://registry.npmjs.org/@uniswap/lib/-/lib-1.1.1.tgz",
      "integrity": "sha512-2yK7sLpKIT91TiS5sewHtOa7YuM8IuBXVl4GZv2jZFys4D2sY7K5vZh6MqD25TPA95Od+0YzCVq6cTF2IKrOmg==",
      "license": "GPL-3.0-or-later",
      "engines": {
        "node": ">=10"
      }
    },
    "node_modules/@uniswap/v2-core": {
      "version": "1.0.1",
      "resolved": "https://registry.npmjs.org/@uniswap/v2-core/-/v2-core-1.0.1.tgz",
      "integrity": "sha512-MtybtkUPSyysqLY2U210NBDeCHX+ltHt3oADGdjqoThZaFRDKwM6k1Nb3F0A3hk5hwuQvytFWhrWHOEq6nVJ8Q==",
      "license": "GPL-3.0-or-later",
      "engines": {
        "node": ">=10"
      }
    },
    "node_modules/@uniswap/v2-periphery": {
      "version": "1.1.0-beta.0",
      "resolved": "https://registry.npmjs.org/@uniswap/v2-periphery/-/v2-periphery-1.1.0-beta.0.tgz",
      "integrity": "sha512-6dkwAMKza8nzqYiXEr2D86dgW3TTavUvCR0w2Tu33bAbM8Ah43LKAzH7oKKPRT5VJQaMi1jtkGs1E8JPor1n5g==",
      "license": "GPL-3.0-or-later",
      "dependencies": {
        "@uniswap/lib": "1.1.1",
        "@uniswap/v2-core": "1.0.0"
      },
      "engines": {
        "node": ">=10"
      }
    },
    "node_modules/@uniswap/v2-periphery/node_modules/@uniswap/v2-core": {
      "version": "1.0.0",
      "resolved": "https://registry.npmjs.org/@uniswap/v2-core/-/v2-core-1.0.0.tgz",
      "integrity": "sha512-BJiXrBGnN8mti7saW49MXwxDBRFiWemGetE58q8zgfnPPzQKq55ADltEILqOt6VFZ22kVeVKbF8gVd8aY3l7pA==",
      "license": "GPL-3.0-or-later",
      "engines": {
        "node": ">=10"
      }
    },
    "node_modules/abitype": {
      "version": "1.2.3",
      "resolved": "https://registry.npmjs.org/abitype/-/abitype-1.2.3.tgz",
      "integrity": "sha512-Ofer5QUnuUdTFsBRwARMoWKOH1ND5ehwYhJ3OJ/BQO+StkwQjHw0XyVh4vDttzHB7QOFhPHa/o413PJ82gU/Tg==",
      "license": "MIT",
      "funding": {
        "url": "https://github.com/sponsors/wevm"
      },
      "peerDependencies": {
        "typescript": ">=5.0.4",
        "zod": "^3.22.0 || ^4.0.0"
      },
      "peerDependenciesMeta": {
        "typescript": {
          "optional": true
        },
        "zod": {
          "optional": true
        }
      }
    },
    "node_modules/command-exists": {
      "version": "1.2.9",
      "resolved": "https://registry.npmjs.org/command-exists/-/command-exists-1.2.9.tgz",
      "integrity": "sha512-LTQ/SGc+s0Xc0Fu5WaKnR0YiygZkm9eKFvyS+fRsU7/ZWFF8ykFM6Pc9aCVf1+xasOOZpO3BAVgVrKvsqKHV7w==",
      "license": "MIT"
    },
    "node_modules/commander": {
      "version": "8.3.0",
      "resolved": "https://registry.npmjs.org/commander/-/commander-8.3.0.tgz",
      "integrity": "sha512-OkTL9umf+He2DZkUq8f8J9of7yL6RJKI24dVITBmNfZBmri9zYZQrKkuXiKhyfPSu8tUhnVBB1iKXevvnlR4Ww==",
      "license": "MIT",
      "engines": {
        "node": ">= 12"
      }
    },
    "node_modules/debug": {
      "version": "4.4.3",
      "resolved": "https://registry.npmjs.org/debug/-/debug-4.4.3.tgz",
      "integrity": "sha512-RGwwWnwQvkVfavKVt22FGLw+xYSdzARwm0ru6DhTVA3umU5hZc28V3kO4stgYryrTlLpuvgI9GiijltAjNbcqA==",
      "license": "MIT",
      "dependencies": {
        "ms": "^2.1.3"
      },
      "engines": {
        "node": ">=6.0"
      },
      "peerDependenciesMeta": {
        "supports-color": {
          "optional": true
        }
      }
    },
    "node_modules/eventemitter3": {
      "version": "5.0.1",
      "resolved": "https://registry.npmjs.org/eventemitter3/-/eventemitter3-5.0.1.tgz",
      "integrity": "sha512-GWkBvjiSZK87ELrYOSESUYeVIc9mvLLf/nXalMOS5dYrgZq9o5OVkbZAVM06CVxYsCwH9BDZFPlQTlPA1j4ahA==",
      "license": "MIT"
    },
    "node_modules/follow-redirects": {
      "version": "1.16.0",
      "resolved": "https://registry.npmjs.org/follow-redirects/-/follow-redirects-1.16.0.tgz",
      "integrity": "sha512-y5rN/uOsadFT/JfYwhxRS5R7Qce+g3zG97+JrtFZlC9klX/W5hD7iiLzScI4nZqUS7DNUdhPgw4xI8W2LuXlUw==",
      "funding": [
        {
          "type": "individual",
          "url": "https://github.com/sponsors/RubenVerborgh"
        }
      ],
      "license": "MIT",
      "engines": {
        "node": ">=4.0"
      },
      "peerDependenciesMeta": {
        "debug": {
          "optional": true
        }
      }
    },
    "node_modules/isows": {
      "version": "1.0.7",
      "resolved": "https://registry.npmjs.org/isows/-/isows-1.0.7.tgz",
      "integrity": "sha512-I1fSfDCZL5P0v33sVqeTDSpcstAg/N+wF5HS033mogOVIp4B+oHC7oOCsA3axAbBSGTJ8QubbNmnIRN/h8U7hg==",
      "funding": [
        {
          "type": "github",
          "url": "https://github.com/sponsors/wevm"
        }
      ],
      "license": "MIT",
      "peerDependencies": {
        "ws": "*"
      }
    },
    "node_modules/jpeg-js": {
      "version": "0.4.4",
      "resolved": "https://registry.npmjs.org/jpeg-js/-/jpeg-js-0.4.4.tgz",
      "integrity": "sha512-WZzeDOEtTOBK4Mdsar0IqEU5sMr3vSV2RqkAIzUEV2BHnUfKGyswWFPFwK5EeDo93K3FohSHbLAjj0s1Wzd+dg==",
      "license": "BSD-3-Clause"
    },
    "node_modules/js-sha3": {
      "version": "0.8.0",
      "resolved": "https://registry.npmjs.org/js-sha3/-/js-sha3-0.8.0.tgz",
      "integrity": "sha512-gF1cRrHhIzNfToc802P800N8PpXS+evLLXfsVpowqmAFR9uwbi89WvXg2QspOmXL8QL86J4T1EpFu+yUkwJY3Q==",
      "license": "MIT"
    },
    "node_modules/lru-cache": {
      "version": "11.0.2",
      "resolved": "https://registry.npmjs.org/lru-cache/-/lru-cache-11.0.2.tgz",
      "integrity": "sha512-123qHRfJBmo2jXDbo/a5YOQrJoHF/GNQTLzQ5+IdK5pWpceK17yRc6ozlWd25FxvGKQbIUs91fDFkXmDHTKcyA==",
      "license": "ISC",
      "engines": {
        "node": "20 || >=22"
      }
    },
    "node_modules/memorystream": {
      "version": "0.3.1",
      "resolved": "https://registry.npmjs.org/memorystream/-/memorystream-0.3.1.tgz",
      "integrity": "sha512-S3UwM3yj5mtUSEfP41UZmt/0SCoVYUcU1rkXv+BQ5Ig8ndL4sPoJNBUJERafdPb5jjHJGuMgytgKvKIf58XNBw==",
      "engines": {
        "node": ">= 0.10.0"
      }
    },
    "node_modules/ms": {
      "version": "2.1.3",
      "resolved": "https://registry.npmjs.org/ms/-/ms-2.1.3.tgz",
      "integrity": "sha512-6FlzubTLZG3J2a/NVCAleEhjzq5oxgHyaCU9yYXvcLsvoVaHJq/s5xXI6/XXP6tz7R9xAOtHnSO/tXtF3WRTlA==",
      "license": "MIT"
    },
    "node_modules/os-tmpdir": {
      "version": "1.0.2",
      "resolved": "https://registry.npmjs.org/os-tmpdir/-/os-tmpdir-1.0.2.tgz",
      "integrity": "sha512-D2FR03Vir7FIu45XBY20mTb+/ZSWB00sjU9jdQXt83gDrI4Ztz5Fs7/yy74g2N5SVQY4xY1qDr4rNddwYRVX0g==",
      "license": "MIT",
      "engines": {
        "node": ">=0.10.0"
      }
    },
    "node_modules/ox": {
      "version": "0.14.33",
      "resolved": "https://registry.npmjs.org/ox/-/ox-0.14.33.tgz",
      "integrity": "sha512-rooA/4o7bBof4Ge2VH/eovfNPb/AEEYyrNj03wggc55g5HZD8Pjs/OeWhttgjic3dDcqn0r29bDuvQEdTiUemQ==",
      "funding": [
        {
          "type": "github",
          "url": "https://github.com/sponsors/wevm"
        }
      ],
      "license": "MIT",
      "dependencies": {
        "@adraffy/ens-normalize": "^1.11.0",
        "@noble/ciphers": "^1.3.0",
        "@noble/curves": "1.9.1",
        "@noble/hashes": "^1.8.0",
        "@scure/bip32": "^1.7.0",
        "@scure/bip39": "^1.6.0",
        "abitype": "^1.2.3",
        "eventemitter3": "5.0.1"
      },
      "peerDependencies": {
        "typescript": ">=5.4.0"
      },
      "peerDependenciesMeta": {
        "typescript": {
          "optional": true
        }
      }
    },
    "node_modules/pngjs": {
      "version": "7.0.0",
      "resolved": "https://registry.npmjs.org/pngjs/-/pngjs-7.0.0.tgz",
      "integrity": "sha512-LKWqWJRhstyYo9pGvgor/ivk2w94eSjE3RGVuzLGlr3NmD8bf7RcYGze1mNdEHRP6TRP6rMuDHk5t44hnTRyow==",
      "license": "MIT",
      "engines": {
        "node": ">=14.19.0"
      }
    },
    "node_modules/pureimage": {
      "version": "0.4.20",
      "resolved": "https://registry.npmjs.org/pureimage/-/pureimage-0.4.20.tgz",
      "integrity": "sha512-YbvmJQgAGbdEJa5p8den46AdZ5Ffa+XMOPdvrRoyYDdkV1i+m/QKgK2xY0QNgs3wY75T3kDQc/X6gQC+tG0lpA==",
      "license": "MIT",
      "dependencies": {
        "jpeg-js": "^0.4.4",
        "opentype.js": "^0.4.3",
        "pngjs": "^7.0.0"
      },
      "engines": {
        "node": ">=14.19.0"
      }
    },
    "node_modules/pureimage/node_modules/opentype.js": {
      "version": "0.4.11",
      "resolved": "https://registry.npmjs.org/opentype.js/-/opentype.js-0.4.11.tgz",
      "integrity": "sha512-GthxucX/6aftfLdeU5Ho7o7zmQcC8uVtqdcelVq12X++ndxwBZG8Xb5rFEKT7nEcWDD2P1x+TNuJ70jtj1Mbpw==",
      "license": "MIT",
      "bin": {
        "ot": "bin/ot"
      }
    },
    "node_modules/semver": {
      "version": "5.7.2",
      "resolved": "https://registry.npmjs.org/semver/-/semver-5.7.2.tgz",
      "integrity": "sha512-cBznnQ9KjJqU67B52RMC65CMarK2600WFnbkcaiwWq3xy/5haFJlshgnpjovMVJ+Hff49d8GEn0b87C5pDQ10g==",
      "license": "ISC",
      "bin": {
        "semver": "bin/semver"
      }
    },
    "node_modules/solc": {
      "version": "0.8.30",
      "resolved": "https://registry.npmjs.org/solc/-/solc-0.8.30.tgz",
      "integrity": "sha512-9Srk/gndtBmoUbg4CE6ypAzPQlElv8ntbnl6SigUBAzgXKn35v87sj04uZeoZWjtDkdzT0qKFcIo/wl63UMxdw==",
      "license": "MIT",
      "dependencies": {
        "command-exists": "^1.2.8",
        "commander": "^8.1.0",
        "follow-redirects": "^1.12.1",
        "js-sha3": "0.8.0",
        "memorystream": "^0.3.1",
        "semver": "^5.5.0",
        "tmp": "0.0.33"
      },
      "bin": {
        "solcjs": "solc.js"
      },
      "engines": {
        "node": ">=12.0.0"
      }
    },
    "node_modules/tmp": {
      "version": "0.0.33",
      "resolved": "https://registry.npmjs.org/tmp/-/tmp-0.0.33.tgz",
      "integrity": "sha512-jRCJlojKnZ3addtTOjdIqoRuPEKBvNXcGYqzO6zWZX8KfKEpnGY5jfggJQ3EjKuu8D4bJRr0y+cYJFmYbImXGw==",
      "license": "MIT",
      "dependencies": {
        "os-tmpdir": "~1.0.2"
      },
      "engines": {
        "node": ">=0.6.0"
      }
    },
    "node_modules/viem": {
      "version": "2.55.11",
      "resolved": "https://registry.npmjs.org/viem/-/viem-2.55.11.tgz",
      "integrity": "sha512-RR5MwtdUnFfqw6ZGoFptizywyLOkLuhTL7UafoP3Irf2upXpANakQkLgGqY4H7A7+8JBxjUs6lElGF5zuGjMEw==",
      "funding": [
        {
          "type": "github",
          "url": "https://github.com/sponsors/wevm"
        }
      ],
      "license": "MIT",
      "dependencies": {
        "@noble/curves": "1.9.1",
        "@noble/hashes": "1.8.0",
        "@scure/bip32": "1.7.0",
        "@scure/bip39": "1.6.0",
        "abitype": "1.2.3",
        "isows": "1.0.7",
        "ox": "0.14.33",
        "ws": "8.21.0"
      },
      "peerDependencies": {
        "typescript": ">=5.0.4"
      },
      "peerDependenciesMeta": {
        "typescript": {
          "optional": true
        }
      }
    },
    "node_modules/ws": {
      "version": "8.21.0",
      "resolved": "https://registry.npmjs.org/ws/-/ws-8.21.0.tgz",
      "integrity": "sha512-Vsp28b7DRcimFQvrqu2Wek3z1iYxDCWqHYB8Qsnk/S4RfaCQzPGPyBNuVjJV3cd6UiKtUtp6sNM77gWvzcCH+g==",
      "license": "MIT",
      "engines": {
        "node": ">=10.0.0"
      },
      "peerDependencies": {
        "bufferutil": "^4.0.1",
        "utf-8-validate": ">=5.0.2"
      },
      "peerDependenciesMeta": {
        "bufferutil": {
          "optional": true
        },
        "utf-8-validate": {
          "optional": true
        }
      }
    }
  }
}
